// !$*UTF8*$!
{
	archiveVersion = 1;
	classes = {
	};
	objectVersion = 70;
	objects = {

/* Begin PBXBuildFile section */
		8934588F2F7B853900D3E377 /* giffer 2.icon in Resources */ = {isa = PBXBuildFile; fileRef = 8934588E2F7B853900D3E377 /* giffer 2.icon */; };
		893B80042F9E4F3C000E9BF3 /* GifferShareExtension.appex in Embed Foundation Extensions */ = {isa = PBXBuildFile; fileRef = 893B7FFA2F9E4F3B000E9BF3 /* GifferShareExtension.appex */; settings = {ATTRIBUTES = (RemoveHeadersOnCopy, ); }; };
		AA000001 /* GifferApp.swift in Sources */ = {isa = PBXBuildFile; fileRef = AB000001 /* GifferApp.swift */; };
		AA000002 /* PickerScreen.swift in Sources */ = {isa = PBXBuildFile; fileRef = AB000002 /* PickerScreen.swift */; };
		AA000003 /* EditScreen.swift in Sources */ = {isa = PBXBuildFile; fileRef = AB000003 /* EditScreen.swift */; };
		AA000004 /* GIFPreviewView.swift in Sources */ = {isa = PBXBuildFile; fileRef = AB000004 /* GIFPreviewView.swift */; };
		AA000005 /* CropOverlayView.swift in Sources */ = {isa = PBXBuildFile; fileRef = AB000005 /* CropOverlayView.swift */; };
		AA000006 /* EditorViewModel.swift in Sources */ = {isa = PBXBuildFile; fileRef = AB000006 /* EditorViewModel.swift */; };
		AA000007 /* LivePhotoExtractor.swift in Sources */ = {isa = PBXBuildFile; fileRef = AB000007 /* LivePhotoExtractor.swift */; };
		AA000008 /* GIFEncoder.swift in Sources */ = {isa = PBXBuildFile; fileRef = AB000008 /* GIFEncoder.swift */; };
		AA000009 /* SizeEstimator.swift in Sources */ = {isa = PBXBuildFile; fileRef = AB000009 /* SizeEstimator.swift */; };
		AA00000A /* GIFConfiguration.swift in Sources */ = {isa = PBXBuildFile; fileRef = AB00000A /* GIFConfiguration.swift */; };
		AA00000B /* PlaybackMode.swift in Sources */ = {isa = PBXBuildFile; fileRef = AB00000B /* PlaybackMode.swift */; };
		AA00000C /* Assets.xcassets in Resources */ = {isa = PBXBuildFile; fileRef = AB00000C /* Assets.xcassets */; };
		AA00000D /* TrimSliderView.swift in Sources */ = {isa = PBXBuildFile; fileRef = AB00000D /* TrimSliderView.swift */; };
		AA00000E /* EditorTool.swift in Sources */ = {isa = PBXBuildFile; fileRef = AB00000E /* EditorTool.swift */; };
		AA000020 /* AboutView.swift in Sources */ = {isa = PBXBuildFile; fileRef = AB000020 /* AboutView.swift */; };
		AA000030 /* SharedConstants.swift in Sources */ = {isa = PBXBuildFile; fileRef = 89FD5D762F7C8DCE000E11C8 /* SharedConstants.swift */; };
		AA000031 /* SharedConstants.swift in Sources */ = {isa = PBXBuildFile; fileRef = 89FD5D762F7C8DCE000E11C8 /* SharedConstants.swift */; };
/* End PBXBuildFile section */

/* Begin PBXContainerItemProxy section */
		893B80022F9E4F3C000E9BF3 /* PBXContainerItemProxy */ = {
			isa = PBXContainerItemProxy;
			containerPortal = B2000001 /* Project object */;
			proxyType = 1;
			remoteGlobalIDString = 893B7FF92F9E4F3B000E9BF3;
			remoteInfo = GifferShareExtension;
		};
/* End PBXContainerItemProxy section */

/* Begin PBXCopyFilesBuildPhase section */
		893B80052F9E4F3C000E9BF3 /* Embed Foundation Extensions */ = {
			isa = PBXCopyFilesBuildPhase;
			buildActionMask = 2147483647;
			dstPath = "";
			dstSubfolderSpec = 13;
			files = (
				893B80042F9E4F3C000E9BF3 /* GifferShareExtension.appex in Embed Foundation Extensions */,
			);
			name = "Embed Foundation Extensions";
			runOnlyForDeploymentPostprocessing = 0;
		};
/* End PBXCopyFilesBuildPhase section */

/* Begin PBXFileReference section */
		8934588E2F7B853900D3E377 /* giffer 2.icon */ = {isa = PBXFileReference; lastKnownFileType = folder.iconcomposer.icon; path = "giffer 2.icon"; sourceTree = "<group>"; };
		893B7FFA2F9E4F3B000E9BF3 /* GifferShareExtension.appex */ = {isa = PBXFileReference; explicitFileType = "wrapper.app-extension"; includeInIndex = 0; path = GifferShareExtension.appex; sourceTree = BUILT_PRODUCTS_DIR; };
		89FD5D742F7C8DC1000E11C8 /* Giffer.entitlements */ = {isa = PBXFileReference; lastKnownFileType = text.plist.entitlements; path = Giffer.entitlements; sourceTree = "<group>"; };
		89FD5D762F7C8DCE000E11C8 /* SharedConstants.swift */ = {isa = PBXFileReference; lastKnownFileType = sourcecode.swift; path = SharedConstants.swift; sourceTree = "<group>"; };
		AB000001 /* GifferApp.swift */ = {isa = PBXFileReference; lastKnownFileType = sourcecode.swift; path = GifferApp.swift; sourceTree = "<group>"; };
		AB000002 /* PickerScreen.swift */ = {isa = PBXFileReference; lastKnownFileType = sourcecode.swift; path = PickerScreen.swift; sourceTree = "<group>"; };
		AB000003 /* EditScreen.swift */ = {isa = PBXFileReference; lastKnownFileType = sourcecode.swift; path = EditScreen.swift; sourceTree = "<group>"; };
		AB000004 /* GIFPreviewView.swift */ = {isa = PBXFileReference; lastKnownFileType = sourcecode.swift; path = GIFPreviewView.swift; sourceTree = "<group>"; };
		AB000005 /* CropOverlayView.swift */ = {isa = PBXFileReference; lastKnownFileType = sourcecode.swift; path = CropOverlayView.swift; sourceTree = "<group>"; };
		AB000006 /* EditorViewModel.swift */ = {isa = PBXFileReference; lastKnownFileType = sourcecode.swift; path = EditorViewModel.swift; sourceTree = "<group>"; };
		AB000007 /* LivePhotoExtractor.swift */ = {isa = PBXFileReference; lastKnownFileType = sourcecode.swift; path = LivePhotoExtractor.swift; sourceTree = "<group>"; };
		AB000008 /* GIFEncoder.swift */ = {isa = PBXFileReference; lastKnownFileType = sourcecode.swift; path = GIFEncoder.swift; sourceTree = "<group>"; };
		AB000009 /* SizeEstimator.swift */ = {isa = PBXFileReference; lastKnownFileType = sourcecode.swift; path = SizeEstimator.swift; sourceTree = "<group>"; };
		AB00000A /* GIFConfiguration.swift */ = {isa = PBXFileReference; lastKnownFileType = sourcecode.swift; path = GIFConfiguration.swift; sourceTree = "<group>"; };
		AB00000B /* PlaybackMode.swift */ = {isa = PBXFileReference; lastKnownFileType = sourcecode.swift; path = PlaybackMode.swift; sourceTree = "<group>"; };
		AB00000C /* Assets.xcassets */ = {isa = PBXFileReference; lastKnownFileType = folder.assetcatalog; path = Assets.xcassets; sourceTree = "<group>"; };
		AB00000D /* TrimSliderView.swift */ = {isa = PBXFileReference; lastKnownFileType = sourcecode.swift; path = TrimSliderView.swift; sourceTree = "<group>"; };
		AB00000E /* EditorTool.swift */ = {isa = PBXFileReference; lastKnownFileType = sourcecode.swift; path = EditorTool.swift; sourceTree = "<group>"; };
		AB000020 /* AboutView.swift */ = {isa = PBXFileReference; lastKnownFileType = sourcecode.swift; path = AboutView.swift; sourceTree = "<group>"; };
		AC000001 /* Giffer.app */ = {isa = PBXFileReference; explicitFileType = wrapper.application; includeInIndex = 0; path = Giffer.app; sourceTree = BUILT_PRODUCTS_DIR; };
/* End PBXFileReference section */

/* Begin PBXFileSystemSynchronizedBuildFileExceptionSet section */
		893B80102F9E4F3C000E9BF3 /* Exceptions for "GifferShareExtension" folder in "GifferShareExtension" target */ = {
			isa = PBXFileSystemSynchronizedBuildFileExceptionSet;
			membershipExceptions = (
				Info.plist,
				GifferShareExtension.entitlements,
			);
			target = 893B7FF92F9E4F3B000E9BF3 /* GifferShareExtension */;
		};
/* End PBXFileSystemSynchronizedBuildFileExceptionSet section */

/* Begin PBXFileSystemSynchronizedRootGroup section */
		893B7FFB2F9E4F3B000E9BF3 /* GifferShareExtension */ = {
			isa = PBXFileSystemSynchronizedRootGroup;
			exceptions = (
				893B80102F9E4F3C000E9BF3 /* Exceptions for "GifferShareExtension" folder in "GifferShareExtension" target */,
			);
			explicitFileTypes = {};
			explicitFolders = ();
			path = GifferShareExtension;
			sourceTree = "<group>";
		};
/* End PBXFileSystemSynchronizedRootGroup section */

/* Begin PBXFrameworksBuildPhase section */
		893B7FF72F9E4F3B000E9BF3 /* Frameworks */ = {
			isa = PBXFrameworksBuildPhase;
			buildActionMask = 2147483647;
			files = (
			);
			runOnlyForDeploymentPostprocessing = 0;
		};
		AD000001 /* Frameworks */ = {
			isa = PBXFrameworksBuildPhase;
			buildActionMask = 2147483647;
			files = (
			);
			runOnlyForDeploymentPostprocessing = 0;
		};
/* End PBXFrameworksBuildPhase section */

/* Begin PBXGroup section */
		89FD5D752F7C8DC7000E11C8 /* Shared */ = {
			isa = PBXGroup;
			children = (
				89FD5D762F7C8DCE000E11C8 /* SharedConstants.swift */,
			);
			path = Shared;
			sourceTree = "<group>";
		};
		AE000001 = {
			isa = PBXGroup;
			children = (
				AE000002 /* Giffer */,
				893B7FFB2F9E4F3B000E9BF3 /* GifferShareExtension */,
				AE000006 /* Products */,
				89FD5D752F7C8DC7000E11C8 /* Shared */,
			);
			sourceTree = "<group>";
		};
		AE000002 /* Giffer */ = {
			isa = PBXGroup;
			children = (
				AB000001 /* GifferApp.swift */,
				AE000003 /* Models */,
				AE000004 /* Services */,
				AE000005 /* Views */,
				AE000007 /* ViewModels */,
				AB00000C /* Assets.xcassets */,
				8934588E2F7B853900D3E377 /* giffer 2.icon */,
				89FD5D742F7C8DC1000E11C8 /* Giffer.entitlements */,
			);
			path = Giffer;
			sourceTree = "<group>";
		};
		AE000003 /* Models */ = {
			isa = PBXGroup;
			children = (
				AB00000A /* GIFConfiguration.swift */,
				AB00000B /* PlaybackMode.swift */,
				AB00000E /* EditorTool.swift */,
			);
			path = Models;
			sourceTree = "<group>";
		};
		AE000004 /* Services */ = {
			isa = PBXGroup;
			children = (
				AB000007 /* LivePhotoExtractor.swift */,
				AB000008 /* GIFEncoder.swift */,
				AB000009 /* SizeEstimator.swift */,
			);
			path = Services;
			sourceTree = "<group>";
		};
		AE000005 /* Views */ = {
			isa = PBXGroup;
			children = (
				AB000002 /* PickerScreen.swift */,
				AB000003 /* EditScreen.swift */,
				AB000004 /* GIFPreviewView.swift */,
				AB000005 /* CropOverlayView.swift */,
				AB00000D /* TrimSliderView.swift */,
				AB000020 /* AboutView.swift */,
			);
			path = Views;
			sourceTree = "<group>";
		};
		AE000006 /* Products */ = {
			isa = PBXGroup;
			children = (
				AC000001 /* Giffer.app */,
				893B7FFA2F9E4F3B000E9BF3 /* GifferShareExtension.appex */,
			);
			name = Products;
			sourceTree = "<group>";
		};
		AE000007 /* ViewModels */ = {
			isa = PBXGroup;
			children = (
				AB000006 /* EditorViewModel.swift */,
			);
			path = ViewModels;
			sourceTree = "<group>";
		};
/* End PBXGroup section */

/* Begin PBXNativeTarget section */
		893B7FF92F9E4F3B000E9BF3 /* GifferShareExtension */ = {
			isa = PBXNativeTarget;
			buildConfigurationList = 893B80092F9E4F3C000E9BF3 /* Build configuration list for PBXNativeTarget "GifferShareExtension" */;
			buildPhases = (
				893B7FF62F9E4F3B000E9BF3 /* Sources */,
				893B7FF72F9E4F3B000E9BF3 /* Frameworks */,
				893B7FF82F9E4F3B000E9BF3 /* Resources */,
			);
			buildRules = (
			);
			dependencies = (
			);
			fileSystemSynchronizedGroups = (
				893B7FFB2F9E4F3B000E9BF3 /* GifferShareExtension */,
			);
			name = GifferShareExtension;
			packageProductDependencies = (
			);
			productName = GifferShareExtension;
			productReference = 893B7FFA2F9E4F3B000E9BF3 /* GifferShareExtension.appex */;
			productType = "com.apple.product-type.app-extension";
		};
		AF000001 /* Giffer */ = {
			isa = PBXNativeTarget;
			buildConfigurationList = B1000001 /* Build configuration list for PBXNativeTarget "Giffer" */;
			buildPhases = (
				B0000001 /* Sources */,
				AD000001 /* Frameworks */,
				B0000002 /* Resources */,
				893B80052F9E4F3C000E9BF3 /* Embed Foundation Extensions */,
			);
			buildRules = (
			);
			dependencies = (
				893B80032F9E4F3C000E9BF3 /* PBXTargetDependency */,
			);
			name = Giffer;
			productName = Giffer;
			productReference = AC000001 /* Giffer.app */;
			productType = "com.apple.product-type.application";
		};
/* End PBXNativeTarget section */

/* Begin PBXProject section */
		B2000001 /* Project object */ = {
			isa = PBXProject;
			attributes = {
				BuildIndependentTargetsInParallel = 1;
				LastSwiftUpdateCheck = 2640;
				LastUpgradeCheck = 2630;
				TargetAttributes = {
					893B7FF92F9E4F3B000E9BF3 = {
						CreatedOnToolsVersion = 26.4.1;
					};
					AF000001 = {
						CreatedOnToolsVersion = 15.0;
					};
				};
			};
			buildConfigurationList = B1000002 /* Build configuration list for PBXProject "Giffer" */;
			compatibilityVersion = "Xcode 14.0";
			developmentRegion = en;
			hasScannedForEncodings = 0;
			knownRegions = (
				en,
				Base,
			);
			mainGroup = AE000001;
			productRefGroup = AE000006 /* Products */;
			projectDirPath = "";
			projectRoot = "";
			targets = (
				AF000001 /* Giffer */,
				893B7FF92F9E4F3B000E9BF3 /* GifferShareExtension */,
			);
		};
/* End PBXProject section */

/* Begin PBXResourcesBuildPhase section */
		893B7FF82F9E4F3B000E9BF3 /* Resources */ = {
			isa = PBXResourcesBuildPhase;
			buildActionMask = 2147483647;
			files = (
			);
			runOnlyForDeploymentPostprocessing = 0;
		};
		B0000002 /* Resources */ = {
			isa = PBXResourcesBuildPhase;
			buildActionMask = 2147483647;
			files = (
				AA00000C /* Assets.xcassets in Resources */,
				8934588F2F7B853900D3E377 /* giffer 2.icon in Resources */,
			);
			runOnlyForDeploymentPostprocessing = 0;
		};
/* End PBXResourcesBuildPhase section */

/* Begin PBXSourcesBuildPhase section */
		893B7FF62F9E4F3B000E9BF3 /* Sources */ = {
			isa = PBXSourcesBuildPhase;
			buildActionMask = 2147483647;
			files = (
				AA000031 /* SharedConstants.swift in Sources */,
			);
			runOnlyForDeploymentPostprocessing = 0;
		};
		B0000001 /* Sources */ = {
			isa = PBXSourcesBuildPhase;
			buildActionMask = 2147483647;
			files = (
				AA000001 /* GifferApp.swift in Sources */,
				AA000002 /* PickerScreen.swift in Sources */,
				AA000003 /* EditScreen.swift in Sources */,
				AA000004 /* GIFPreviewView.swift in Sources */,
				AA000005 /* CropOverlayView.swift in Sources */,
				AA000006 /* EditorViewModel.swift in Sources */,
				AA000007 /* LivePhotoExtractor.swift in Sources */,
				AA000008 /* GIFEncoder.swift in Sources */,
				AA000009 /* SizeEstimator.swift in Sources */,
				AA00000A /* GIFConfiguration.swift in Sources */,
				AA00000B /* PlaybackMode.swift in Sources */,
				AA00000D /* TrimSliderView.swift in Sources */,
				AA00000E /* EditorTool.swift in Sources */,
				AA000020 /* AboutView.swift in Sources */,
				AA000030 /* SharedConstants.swift in Sources */,
			);
			runOnlyForDeploymentPostprocessing = 0;
		};
/* End PBXSourcesBuildPhase section */

/* Begin PBXTargetDependency section */
		893B80032F9E4F3C000E9BF3 /* PBXTargetDependency */ = {
			isa = PBXTargetDependency;
			target = 893B7FF92F9E4F3B000E9BF3 /* GifferShareExtension */;
			targetProxy = 893B80022F9E4F3C000E9BF3 /* PBXContainerItemProxy */;
		};
/* End PBXTargetDependency section */

/* Begin XCBuildConfiguration section */
		893B80062F9E4F3C000E9BF3 /* Debug */ = {
			isa = XCBuildConfiguration;
			buildSettings = {
				CODE_SIGN_ENTITLEMENTS = GifferShareExtension/GifferShareExtension.entitlements;
				CODE_SIGN_STYLE = Automatic;
				CURRENT_PROJECT_VERSION = 1;
				GENERATE_INFOPLIST_FILE = NO;
				INFOPLIST_FILE = GifferShareExtension/Info.plist;
				INFOPLIST_KEY_NSHumanReadableCopyright = "";
				IPHONEOS_DEPLOYMENT_TARGET = 26.4;
				LD_RUNPATH_SEARCH_PATHS = (
					"$(inherited)",
					"@executable_path/Frameworks",
					"@executable_path/../../Frameworks",
				);
				LOCALIZATION_PREFERS_STRING_CATALOGS = YES;
				MARKETING_VERSION = 1.0;
				PRODUCT_BUNDLE_IDENTIFIER = ca.pfaj.giffer.GifferShareExtension;
				PRODUCT_NAME = "$(TARGET_NAME)";
				SKIP_INSTALL = YES;
				STRING_CATALOG_GENERATE_SYMBOLS = YES;
				SWIFT_APPROACHABLE_CONCURRENCY = YES;
				SWIFT_EMIT_LOC_STRINGS = YES;
				SWIFT_UPCOMING_FEATURE_MEMBER_IMPORT_VISIBILITY = YES;
				SWIFT_VERSION = 5.0;
				TARGETED_DEVICE_FAMILY = "1,2";
			};
			name = Debug;
		};
		893B80072F9E4F3C000E9BF3 /* Release */ = {
			isa = XCBuildConfiguration;
			buildSettings = {
				CODE_SIGN_ENTITLEMENTS = GifferShareExtension/GifferShareExtension.entitlements;
				CODE_SIGN_STYLE = Automatic;
				CURRENT_PROJECT_VERSION = 1;
				GENERATE_INFOPLIST_FILE = NO;
				INFOPLIST_FILE = GifferShareExtension/Info.plist;
				INFOPLIST_KEY_NSHumanReadableCopyright = "";
				IPHONEOS_DEPLOYMENT_TARGET = 26.4;
				LD_RUNPATH_SEARCH_PATHS = (
					"$(inherited)",
					"@executable_path/Frameworks",
					"@executable_path/../../Frameworks",
				);
				LOCALIZATION_PREFERS_STRING_CATALOGS = YES;
				MARKETING_VERSION = 1.0;
				PRODUCT_BUNDLE_IDENTIFIER = ca.pfaj.giffer.GifferShareExtension;
				PRODUCT_NAME = "$(TARGET_NAME)";
				SKIP_INSTALL = YES;
				STRING_CATALOG_GENERATE_SYMBOLS = YES;
				SWIFT_APPROACHABLE_CONCURRENCY = YES;
				SWIFT_EMIT_LOC_STRINGS = YES;
				SWIFT_UPCOMING_FEATURE_MEMBER_IMPORT_VISIBILITY = YES;
				SWIFT_VERSION = 5.0;
				TARGETED_DEVICE_FAMILY = "1,2";
			};
			name = Release;
		};
		B3000001 /* Debug */ = {
			isa = XCBuildConfiguration;
			buildSettings = {
				ALWAYS_SEARCH_USER_PATHS = NO;
				ASSETCATALOG_COMPILER_GENERATE_SWIFT_ASSET_SYMBOL_EXTENSIONS = YES;
				CLANG_ANALYZER_NONNULL = YES;
				CLANG_ANALYZER_NUMBER_OBJECT_CONVERSION = YES_AGGRESSIVE;
				CLANG_CXX_LANGUAGE_STANDARD = "gnu++20";
				CLANG_ENABLE_MODULES = YES;
				CLANG_ENABLE_OBJC_ARC = YES;
				CLANG_ENABLE_OBJC_WEAK = YES;
				CLANG_WARN_BLOCK_CAPTURE_AUTORELEASING = YES;
				CLANG_WARN_BOOL_CONVERSION = YES;
				CLANG_WARN_COMMA = YES;
				CLANG_WARN_CONSTANT_CONVERSION = YES;
				CLANG_WARN_DEPRECATED_OBJC_IMPLEMENTATIONS = YES;
				CLANG_WARN_DIRECT_OBJC_ISA_USAGE = YES_ERROR;
				CLANG_WARN_DOCUMENTATION_COMMENTS = YES;
				CLANG_WARN_EMPTY_BODY = YES;
				CLANG_WARN_ENUM_CONVERSION = YES;
				CLANG_WARN_INFINITE_RECURSION = YES;
				CLANG_WARN_INT_CONVERSION = YES;
				CLANG_WARN_NON_LITERAL_NULL_CONVERSION = YES;
				CLANG_WARN_OBJC_IMPLICIT_RETAIN_SELF = YES;
				CLANG_WARN_OBJC_LITERAL_CONVERSION = YES;
				CLANG_WARN_OBJC_ROOT_CLASS = YES_ERROR;
				CLANG_WARN_QUOTED_INCLUDE_IN_FRAMEWORK_HEADER = YES;
				CLANG_WARN_RANGE_LOOP_ANALYSIS = YES;
				CLANG_WARN_STRICT_PROTOTYPES = YES;
				CLANG_WARN_SUSPICIOUS_MOVE = YES;
				CLANG_WARN_UNGUARDED_AVAILABILITY = YES_AGGRESSIVE;
				CLANG_WARN_UNREACHABLE_CODE = YES;
				CLANG_WARN__DUPLICATE_METHOD_MATCH = YES;
				COPY_PHASE_STRIP = NO;
				DEBUG_INFORMATION_FORMAT = dwarf;
				DEVELOPMENT_TEAM = BYL344VT68;
				ENABLE_STRICT_OBJC_MSGSEND = YES;
				ENABLE_TESTABILITY = YES;
				ENABLE_USER_SCRIPT_SANDBOXING = YES;
				GCC_C_LANGUAGE_STANDARD = gnu17;
				GCC_DYNAMIC_NO_PIC = NO;
				GCC_NO_COMMON_BLOCKS = YES;
				GCC_OPTIMIZATION_LEVEL = 0;
				GCC_PREPROCESSOR_DEFINITIONS = (
					"DEBUG=1",
					"$(inherited)",
				);
				GCC_WARN_64_TO_32_BIT_CONVERSION = YES;
				GCC_WARN_ABOUT_RETURN_TYPE = YES_ERROR;
				GCC_WARN_UNDECLARED_SELECTOR = YES;
				GCC_WARN_UNINITIALIZED_AUTOS = YES_AGGRESSIVE;
				GCC_WARN_UNUSED_FUNCTION = YES;
				GCC_WARN_UNUSED_VARIABLE = YES;
				IPHONEOS_DEPLOYMENT_TARGET = 26.0;
				MTL_ENABLE_DEBUG_INFO = INCLUDE_SOURCE;
				MTL_FAST_MATH = YES;
				ONLY_ACTIVE_ARCH = YES;
				SDKROOT = iphoneos;
				STRING_CATALOG_GENERATE_SYMBOLS = YES;
				SWIFT_ACTIVE_COMPILATION_CONDITIONS = "DEBUG $(inherited)";
				SWIFT_OPTIMIZATION_LEVEL = "-Onone";
			};
			name = Debug;
		};
		B3000002 /* Release */ = {
			isa = XCBuildConfiguration;
			buildSettings = {
				ALWAYS_SEARCH_USER_PATHS = NO;
				ASSETCATALOG_COMPILER_GENERATE_SWIFT_ASSET_SYMBOL_EXTENSIONS = YES;
				CLANG_ANALYZER_NONNULL = YES;
				CLANG_ANALYZER_NUMBER_OBJECT_CONVERSION = YES_AGGRESSIVE;
				CLANG_CXX_LANGUAGE_STANDARD = "gnu++20";
				CLANG_ENABLE_MODULES = YES;
				CLANG_ENABLE_OBJC_ARC = YES;
				CLANG_ENABLE_OBJC_WEAK = YES;
				CLANG_WARN_BLOCK_CAPTURE_AUTORELEASING = YES;
				CLANG_WARN_BOOL_CONVERSION = YES;
				CLANG_WARN_COMMA = YES;
				CLANG_WARN_CONSTANT_CONVERSION = YES;
				CLANG_WARN_DEPRECATED_OBJC_IMPLEMENTATIONS = YES;
				CLANG_WARN_DIRECT_OBJC_ISA_USAGE = YES_ERROR;
				CLANG_WARN_DOCUMENTATION_COMMENTS = YES;
				CLANG_WARN_EMPTY_BODY = YES;
				CLANG_WARN_ENUM_CONVERSION = YES;
				CLANG_WARN_INFINITE_RECURSION = YES;
				CLANG_WARN_INT_CONVERSION = YES;
				CLANG_WARN_NON_LITERAL_NULL_CONVERSION = YES;
				CLANG_WARN_OBJC_IMPLICIT_RETAIN_SELF = YES;
				CLANG_WARN_OBJC_LITERAL_CONVERSION = YES;
				CLANG_WARN_OBJC_ROOT_CLASS = YES_ERROR;
				CLANG_WARN_QUOTED_INCLUDE_IN_FRAMEWORK_HEADER = YES;
				CLANG_WARN_RANGE_LOOP_ANALYSIS = YES;
				CLANG_WARN_STRICT_PROTOTYPES = YES;
				CLANG_WARN_SUSPICIOUS_MOVE = YES;
				CLANG_WARN_UNGUARDED_AVAILABILITY = YES_AGGRESSIVE;
				CLANG_WARN_UNREACHABLE_CODE = YES;
				CLANG_WARN__DUPLICATE_METHOD_MATCH = YES;
				COPY_PHASE_STRIP = NO;
				DEBUG_INFORMATION_FORMAT = "dwarf-with-dsym";
				DEVELOPMENT_TEAM = BYL344VT68;
				ENABLE_NS_ASSERTIONS = NO;
				ENABLE_STRICT_OBJC_MSGSEND = YES;
				ENABLE_USER_SCRIPT_SANDBOXING = YES;
				GCC_C_LANGUAGE_STANDARD = gnu17;
				GCC_NO_COMMON_BLOCKS = YES;
				GCC_WARN_64_TO_32_BIT_CONVERSION = YES;
				GCC_WARN_ABOUT_RETURN_TYPE = YES_ERROR;
				GCC_WARN_UNDECLARED_SELECTOR = YES;
				GCC_WARN_UNINITIALIZED_AUTOS = YES_AGGRESSIVE;
				GCC_WARN_UNUSED_FUNCTION = YES;
				GCC_WARN_UNUSED_VARIABLE = YES;
				IPHONEOS_DEPLOYMENT_TARGET = 26.0;
				MTL_ENABLE_DEBUG_INFO = NO;
				MTL_FAST_MATH = YES;
				SDKROOT = iphoneos;
				STRING_CATALOG_GENERATE_SYMBOLS = YES;
				SWIFT_COMPILATION_MODE = wholemodule;
				VALIDATE_PRODUCT = YES;
			};
			name = Release;
		};
		B3000003 /* Debug */ = {
			isa = XCBuildConfiguration;
			buildSettings = {
				ASSETCATALOG_COMPILER_APPICON_NAME = "giffer 2";
				ASSETCATALOG_COMPILER_GLOBAL_ACCENT_COLOR_NAME = AccentColor;
				CODE_SIGN_ENTITLEMENTS = Giffer/Giffer.entitlements;
				CODE_SIGN_STYLE = Automatic;
				CURRENT_PROJECT_VERSION = 1;
				GENERATE_INFOPLIST_FILE = YES;
				INFOPLIST_KEY_CFBundleDisplayName = Giffer;
				INFOPLIST_KEY_LSApplicationCategoryType = "public.app-category.graphics-design";
				INFOPLIST_KEY_NSPhotoLibraryAddUsageDescription = "Giffer needs permission to save GIFs to your photo library.";
				INFOPLIST_KEY_NSPhotoLibraryUsageDescription = "Giffer needs access to your photo library to select Live Photos.";
				INFOPLIST_KEY_UIApplicationSceneManifest_Generation = YES;
				INFOPLIST_KEY_UIApplicationSupportsIndirectInputEvents = YES;
				INFOPLIST_KEY_UILaunchScreen_Generation = YES;
				INFOPLIST_KEY_UISupportedInterfaceOrientations_iPad = "UIInterfaceOrientationPortrait UIInterfaceOrientationPortraitUpsideDown UIInterfaceOrientationLandscapeLeft UIInterfaceOrientationLandscapeRight";
				INFOPLIST_KEY_UISupportedInterfaceOrientations_iPhone = "UIInterfaceOrientationPortrait UIInterfaceOrientationLandscapeLeft UIInterfaceOrientationLandscapeRight";
				LD_RUNPATH_SEARCH_PATHS = (
					"$(inherited)",
					"@executable_path/Frameworks",
				);
				MARKETING_VERSION = 1.0;
				PRODUCT_BUNDLE_IDENTIFIER = ca.pfaj.giffer;
				PRODUCT_NAME = "$(TARGET_NAME)";
				SWIFT_EMIT_LOC_STRINGS = YES;
				SWIFT_VERSION = 5.0;
				TARGETED_DEVICE_FAMILY = "1,2";
			};
			name = Debug;
		};
		B3000004 /* Release */ = {
			isa = XCBuildConfiguration;
			buildSettings = {
				ASSETCATALOG_COMPILER_APPICON_NAME = "giffer 2";
				ASSETCATALOG_COMPILER_GLOBAL_ACCENT_COLOR_NAME = AccentColor;
				CODE_SIGN_ENTITLEMENTS = Giffer/Giffer.entitlements;
				CODE_SIGN_STYLE = Automatic;
				CURRENT_PROJECT_VERSION = 1;
				GENERATE_INFOPLIST_FILE = YES;
				INFOPLIST_KEY_CFBundleDisplayName = Giffer;
				INFOPLIST_KEY_LSApplicationCategoryType = "public.app-category.graphics-design";
				INFOPLIST_KEY_NSPhotoLibraryAddUsageDescription = "Giffer needs permission to save GIFs to your photo library.";
				INFOPLIST_KEY_NSPhotoLibraryUsageDescription = "Giffer needs access to your photo library to select Live Photos.";
				INFOPLIST_KEY_UIApplicationSceneManifest_Generation = YES;
				INFOPLIST_KEY_UIApplicationSupportsIndirectInputEvents = YES;
				INFOPLIST_KEY_UILaunchScreen_Generation = YES;
				INFOPLIST_KEY_UISupportedInterfaceOrientations_iPad = "UIInterfaceOrientationPortrait UIInterfaceOrientationPortraitUpsideDown UIInterfaceOrientationLandscapeLeft UIInterfaceOrientationLandscapeRight";
				INFOPLIST_KEY_UISupportedInterfaceOrientations_iPhone = "UIInterfaceOrientationPortrait UIInterfaceOrientationLandscapeLeft UIInterfaceOrientationLandscapeRight";
				LD_RUNPATH_SEARCH_PATHS = (
					"$(inherited)",
					"@executable_path/Frameworks",
				);
				MARKETING_VERSION = 1.0;
				PRODUCT_BUNDLE_IDENTIFIER = ca.pfaj.giffer;
				PRODUCT_NAME = "$(TARGET_NAME)";
				SWIFT_EMIT_LOC_STRINGS = YES;
				SWIFT_VERSION = 5.0;
				TARGETED_DEVICE_FAMILY = "1,2";
			};
			name = Release;
		};
/* End XCBuildConfiguration section */

/* Begin XCConfigurationList section */
		893B80092F9E4F3C000E9BF3 /* Build configuration list for PBXNativeTarget "GifferShareExtension" */ = {
			isa = XCConfigurationList;
			buildConfigurations = (
				893B80062F9E4F3C000E9BF3 /* Debug */,
				893B80072F9E4F3C000E9BF3 /* Release */,
			);
			defaultConfigurationIsVisible = 0;
			defaultConfigurationName = Release;
		};
		B1000001 /* Build configuration list for PBXNativeTarget "Giffer" */ = {
			isa = XCConfigurationList;
			buildConfigurations = (
				B3000003 /* Debug */,
				B3000004 /* Release */,
			);
			defaultConfigurationIsVisible = 0;
			defaultConfigurationName = Release;
		};
		B1000002 /* Build configuration list for PBXProject "Giffer" */ = {
			isa = XCConfigurationList;
			buildConfigurations = (
				B3000001 /* Debug */,
				B3000002 /* Release */,
			);
			defaultConfigurationIsVisible = 0;
			defaultConfigurationName = Release;
		};
/* End XCConfigurationList section */
	};
	rootObject = B2000001 /* Project object */;
}
